{
    "_meta": {
        "hash": {
            "sha256": "0f10d26924c31ad3c63d51a0c63b2fd895d0ccb5b630936e670cc9072f0d32b2"
        },
        "pipfile-spec": 6,
        "requires": {
            "python_version": "3.8"
        },
        "sources": [
            {
                "name": "pypi",
                "url": "https://pypi.org/simple",
                "verify_ssl": true
            }
        ]
    },
    "default": {
        "beautifulsoup4": {
            "hashes": [
                "sha256:05fd825eb01c290877657a56df4c6e4c311b3965bda790c613a3d6fb01a5462a",
                "sha256:9fbb4d6e48ecd30bcacc5b63b94088192dcda178513b2ae3c394229f8911b887",
                "sha256:e1505eeed31b0f4ce2dbb3bc8eb256c04cc2b3b72af7d551a4ab6efd5cbe5dae"
            ],
            "index": "pypi",
            "version": "==4.8.2"
        },
        "certifi": {
            "hashes": [
                "sha256:017c25db2a153ce562900032d5bc68e9f191e44e9a0f762f373977de9df1fbb3",
                "sha256:25b64c7da4cd7479594d035c08c2d809eb4aab3a26e5a990ea98cc450c320f1f"
            ],
            "version": "==2019.11.28"
        },
        "chardet": {
            "hashes": [
                "sha256:84ab92ed1c4d4f16916e05906b6b75a6c0fb5db821cc65e70cbd64a3e2a5eaae",
                "sha256:fc323ffcaeaed0e0a02bf4d117757b98aed530d9ed4531e3e15460124c106691"
            ],
            "version": "==3.0.4"
        },
        "click": {
            "hashes": [
                "sha256:2335065e6395b9e67ca716de5f7526736bfa6ceead690adf616d925bdc622b13",
                "sha256:5b94b49521f6456670fdb30cd82a4eca9412788a93fa6dd6df72c94d5a8ff2d7"
            ],
            "index": "pypi",
            "version": "==7.0"
        },
        "idna": {
            "hashes": [
                "sha256:7588d1c14ae4c77d74036e8c22ff447b26d0fde8f007354fd48a7814db15b7cb",
                "sha256:a068a21ceac8a4d63dbfd964670474107f541babbd2250d61922f029858365fa"
            ],
            "version": "==2.9"
        },
        "numpy": {
            "hashes": [
                "sha256:1786a08236f2c92ae0e70423c45e1e62788ed33028f94ca99c4df03f5be6b3c6",
                "sha256:17aa7a81fe7599a10f2b7d95856dc5cf84a4eefa45bc96123cbbc3ebc568994e",
                "sha256:20b26aaa5b3da029942cdcce719b363dbe58696ad182aff0e5dcb1687ec946dc",
                "sha256:2d75908ab3ced4223ccba595b48e538afa5ecc37405923d1fea6906d7c3a50bc",
                "sha256:39d2c685af15d3ce682c99ce5925cc66efc824652e10990d2462dfe9b8918c6a",
                "sha256:56bc8ded6fcd9adea90f65377438f9fea8c05fcf7c5ba766bef258d0da1554aa",
                "sha256:590355aeade1a2eaba17617c19edccb7db8d78760175256e3cf94590a1a964f3",
                "sha256:70a840a26f4e61defa7bdf811d7498a284ced303dfbc35acb7be12a39b2aa121",
                "sha256:77c3bfe65d8560487052ad55c6998a04b654c2fbc36d546aef2b2e511e760971",
                "sha256:9537eecf179f566fd1c160a2e912ca0b8e02d773af0a7a1120ad4f7507cd0d26",
                "sha256:9acdf933c1fd263c513a2df3dceecea6f3ff4419d80bf238510976bf9bcb26cd",
                "sha256:ae0975f42ab1f28364dcda3dde3cf6c1ddab3e1d4b2909da0cb0191fa9ca0480",
                "sha256:b3af02ecc999c8003e538e60c89a2b37646b39b688d4e44d7373e11c2debabec",
                "sha256:b6ff59cee96b454516e47e7721098e6ceebef435e3e21ac2d6c3b8b02628eb77",
                "sha256:b765ed3930b92812aa698a455847141869ef755a87e099fddd4ccf9d81fffb57",
                "sha256:c98c5ffd7d41611407a1103ae11c8b634ad6a43606eca3e2a5a269e5d6e8eb07",
                "sha256:cf7eb6b1025d3e169989416b1adcd676624c2dbed9e3bcb7137f51bfc8cc2572",
                "sha256:d92350c22b150c1cae7ebb0ee8b5670cc84848f6359cf6b5d8f86617098a9b73",
                "sha256:e422c3152921cece8b6a2fb6b0b4d73b6579bd20ae075e7d15143e711f3ca2ca",
                "sha256:e840f552a509e3380b0f0ec977e8124d0dc34dc0e68289ca28f4d7c1d0d79474",
                "sha256:f3d0a94ad151870978fb93538e95411c83899c9dc63e6fb65542f769568ecfa5"
            ],
            "index": "pypi",
            "version": "==1.18.1"
        },
        "opencv-python-headless": {
            "hashes": [
                "sha256:105fe1dc648047c23b1a88c168a42e2760d3bb2c8294b36dd374f1a904d6e8a3",
                "sha256:107331e70a352464e9e68ba917cec636b857c8c1332a6444d8df39f1e06c3c4f",
                "sha256:134b7184edb06693d2d8987ff6d0216b76ac0ed066ae167cd1897e1b4377fdc2",
                "sha256:1493eba327ea9943f93b53393afd335ee23ea898d607873adc6b1ecd96db17d4",
                "sha256:20cfc4bdf5aabb2a5060101d057e3550f64df7cf3e7d26551fa2f54fbdcdd060",
                "sha256:29b560628b1a166cac88dc277e938b6791f8650c7e405b95fd4de8b9abff31e6",
                "sha256:2c26456369e127aa507ed5af8cb0f08e2de4c2a60b231d1bea03f0c36094ec56",
                "sha256:323a49938fdc878c85371c546127e973757b03fcf2acd62a103709085752315d",
                "sha256:37f9b704338ab99ed1cd4179da12d6b39e7ca60aa197dd330f71ed1454ba0ea3",
                "sha256:3c8a26dcaaaf15f36c170639bd539ffebc957f95995705537e69bfd92765c912",
                "sha256:59a259edddf765cd0af91aaa9e9d7fe7648570d7923539b3a85c703026615236",
                "sha256:60afa5e201324d0313ba4425ce812789e9889abfc35d85c6b09426093fbc5a09",
                "sha256:76cffdc6cb530fe244c89e9bd7b23a8d2761bd54a3eb44713df9fc3dfee8f544",
                "sha256:7f1c0d3f8bb560c23446fee81421435904610133d9cfe8c8e245392a80139812",
                "sha256:84d247193d977bc059ac1524113c44f197c51122e0a4efba3b85380c51533040",
                "sha256:8f817b4ec0399e3ee82db8707e6b6a31cbdfe84bbbe669f946c75aed7c678acc",
                "sha256:95b06780225eed3a00a59ddce05c8c7d16aa3d8d0b0d8484a3a6089fc84af5a8",
                "sha256:9e80919dd00805ba4bffe175107391da1024fe303c82c271704a77b793cd654e",
                "sha256:b44fd3d66a3d1adaf9f49cc99a05f012df98ef79e42e5971bb960b2b81e2742e",
                "sha256:b4549c71277e2cc427cc32fbec6cb2dd92f0f839467cdb22381b4e5b0e53f35c",
                "sha256:b64449744aed7c3072235bdaf06289b36e0e65bcde7834c951a912f79a44e564",
                "sha256:c2b6c26b3e44e1890c5517d58e8b953e827ee10048bcdfd5dba94b0b74105fa1",
                "sha256:c8f6fe6e81b0c0fd058dcf24b12d3632152de334afa290fd63f30afe30c8713a",
                "sha256:d5cbab84f9ae346cbd1d16b5906e34e5bdd17e4a8d9e213599a24a510a82de94",
                "sha256:d86e654b6dd99d5e2f9e3b505a2252161a0b44e7e60a62cbe364f9d8de32ab36",
                "sha256:de4fc34bc4f3a93f079005cdd51db4f59fbecf72463514a6a73fdfd29bc8e777",
                "sha256:f3e418b9480f2e167ea5a800a0375e424f15d345a0a15c638f66b6f3bb6a7796"
            ],
            "index": "pypi",
            "version": "==4.2.0.32"
        },
        "requests": {
            "hashes": [
                "sha256:43999036bfa82904b6af1d99e4882b560e5e2c68e5c4b0aa03b655f3d7d73fee",
                "sha256:b3f43d496c6daba4493e7c431722aeb7dbc6288f52a6e04e7b6023b0247817e6"
            ],
            "index": "pypi",
            "version": "==2.23.0"
        },
        "soupsieve": {
            "hashes": [
                "sha256:e914534802d7ffd233242b785229d5ba0766a7f487385e3f714446a07bf540ae",
                "sha256:fcd71e08c0aee99aca1b73f45478549ee7e7fc006d51b37bec9e9def7dc22b69"
            ],
            "version": "==2.0"
        },
        "urllib3": {
            "hashes": [
                "sha256:2f3db8b19923a873b3e5256dc9c2dedfa883e33d87c690d9c7913e1f40673cdc",
                "sha256:87716c2d2a7121198ebcb7ce7cccf6ce5e9ba539041cfbaeecfb641dc0bf6acc"
            ],
            "version": "==1.25.8"
        }
    },
    "develop": {}
}
